
Microsoft Visual Studio Solution File, Format Version 12.00
# Visual Studio Version 17
VisualStudioVersion = 17.1.32328.378
MinimumVisualStudioVersion = 10.0.40219.1
Project("{9A19103F-16F7-4668-BE54-9A1E7A4F7556}") = "CrudWebAtualizado", "CrudWeb\CrudWebAtualizado.csproj", "{19A5586E-266F-40A7-9376-9CA5A23B5189}"
EndProject
Global
	GlobalSection(SolutionConfigurationPlatforms) = preSolution
		Debug|Any CPU = Debug|Any CPU
		Release|Any CPU = Release|Any CPU
	EndGlobalSection
	GlobalSection(ProjectConfigurationPlatforms) = postSolution
		{19A5586E-266F-40A7-9376-9CA5A23B5189}.Debug|Any CPU.ActiveCfg = Debug|Any CPU
		{19A5586E-266F-40A7-9376-9CA5A23B5189}.Debug|Any CPU.Build.0 = Debug|Any CPU
		{19A5586E-266F-40A7-9376-9CA5A23B5189}.Release|Any CPU.ActiveCfg = Release|Any CPU
		{19A5586E-266F-40A7-9376-9CA5A23B5189}.Release|Any CPU.Build.0 = Release|Any CPU
	EndGlobalSection
	GlobalSection(SolutionProperties) = preSolution
		HideSolutionNode = FALSE
	EndGlobalSection
	GlobalSection(ExtensibilityGlobals) = postSolution
		SolutionGuid = {DE2BBFC3-6D7E-4CE7-AC0C-7980672CEAB8}
	EndGlobalSection
EndGlobal
